// !$*UTF8*$!
{
	archiveVersion = 1;
	classes = {
	};
	objectVersion = 46;
	objects = {

/* Begin PBXBuildFile section */
		08617672491E9CFC6F0A6C40 /* Pods_IVAO_HKUITests.framework in Frameworks */ = {isa = PBXBuildFile; fileRef = F006FCF23FC982227AD38800 /* Pods_IVAO_HKUITests.framework */; };
		122E96251E4264F600DEF5BC /* AppDelegate.swift in Sources */ = {isa = PBXBuildFile; fileRef = 122E96241E4264F600DEF5BC /* AppDelegate.swift */; };
		122E96271E4264F600DEF5BC /* ViewController.swift in Sources */ = {isa = PBXBuildFile; fileRef = 122E96261E4264F600DEF5BC /* ViewController.swift */; };
		122E962A1E4264F600DEF5BC /* Main.storyboard in Resources */ = {isa = PBXBuildFile; fileRef = 122E96281E4264F600DEF5BC /* Main.storyboard */; };
		122E962C1E4264F600DEF5BC /* Assets.xcassets in Resources */ = {isa = PBXBuildFile; fileRef = 122E962B1E4264F600DEF5BC /* Assets.xcassets */; };
		122E962F1E4264F600DEF5BC /* LaunchScreen.storyboard in Resources */ = {isa = PBXBuildFile; fileRef = 122E962D1E4264F600DEF5BC /* LaunchScreen.storyboard */; };
		122E963A1E4264F600DEF5BC /* IVAO_HKTests.swift in Sources */ = {isa = PBXBuildFile; fileRef = 122E96391E4264F600DEF5BC /* IVAO_HKTests.swift */; };
		122E96451E4264F600DEF5BC /* IVAO_HKUITests.swift in Sources */ = {isa = PBXBuildFile; fileRef = 122E96441E4264F600DEF5BC /* IVAO_HKUITests.swift */; };
		122E96561E4269FE00DEF5BC /* LogInVC.swift in Sources */ = {isa = PBXBuildFile; fileRef = 122E96551E4269FE00DEF5BC /* LogInVC.swift */; };
		122E96591E426A5600DEF5BC /* Extensions.swift in Sources */ = {isa = PBXBuildFile; fileRef = 122E96581E426A5600DEF5BC /* Extensions.swift */; };
		122E965B1E426A6200DEF5BC /* GlobalVariables.swift in Sources */ = {isa = PBXBuildFile; fileRef = 122E965A1E426A6200DEF5BC /* GlobalVariables.swift */; };
		122E965D1E42731E00DEF5BC /* HomeVC.swift in Sources */ = {isa = PBXBuildFile; fileRef = 122E965C1E42731E00DEF5BC /* HomeVC.swift */; };
		122E965F1E427A5800DEF5BC /* IVAOProfile.swift in Sources */ = {isa = PBXBuildFile; fileRef = 122E965E1E427A5800DEF5BC /* IVAOProfile.swift */; };
		124A894B1E47670F00C538E3 /* OnlineTraffic.swift in Sources */ = {isa = PBXBuildFile; fileRef = 124A894A1E47670F00C538E3 /* OnlineTraffic.swift */; };
		124A894D1E4767F500C538E3 /* OnlineTrafficVC.swift in Sources */ = {isa = PBXBuildFile; fileRef = 124A894C1E4767F500C538E3 /* OnlineTrafficVC.swift */; };
		124A89551E477D0000C538E3 /* PilotsCell.swift in Sources */ = {isa = PBXBuildFile; fileRef = 124A89541E477D0000C538E3 /* PilotsCell.swift */; };
		1258E91F1E465B210087E338 /* ProfileVC.swift in Sources */ = {isa = PBXBuildFile; fileRef = 1258E91E1E465B210087E338 /* ProfileVC.swift */; };
		294D0E01F05B218D3B092D46 /* Pods_IVAO_HKTests.framework in Frameworks */ = {isa = PBXBuildFile; fileRef = 6152F362E30CD2872DB78970 /* Pods_IVAO_HKTests.framework */; };
		BC0F3642C34F62B73C2033CE /* Pods_IVAO_HK.framework in Frameworks */ = {isa = PBXBuildFile; fileRef = 5A76FF8908AFE061B6AD0B57 /* Pods_IVAO_HK.framework */; };
/* End PBXBuildFile section */

/* Begin PBXContainerItemProxy section */
		122E96361E4264F600DEF5BC /* PBXContainerItemProxy */ = {
			isa = PBXContainerItemProxy;
			containerPortal = 122E96191E4264F500DEF5BC /* Project object */;
			proxyType = 1;
			remoteGlobalIDString = 122E96201E4264F500DEF5BC;
			remoteInfo = "IVAO-HK";
		};
		122E96411E4264F600DEF5BC /* PBXContainerItemProxy */ = {
			isa = PBXContainerItemProxy;
			containerPortal = 122E96191E4264F500DEF5BC /* Project object */;
			proxyType = 1;
			remoteGlobalIDString = 122E96201E4264F500DEF5BC;
			remoteInfo = "IVAO-HK";
		};
/* End PBXContainerItemProxy section */

/* Begin PBXFileReference section */
		122E96211E4264F600DEF5BC /* IVAO-HK.app */ = {isa = PBXFileReference; explicitFileType = wrapper.application; includeInIndex = 0; path = "IVAO-HK.app"; sourceTree = BUILT_PRODUCTS_DIR; };
		122E96241E4264F600DEF5BC /* AppDelegate.swift */ = {isa = PBXFileReference; lastKnownFileType = sourcecode.swift; path = AppDelegate.swift; sourceTree = "<group>"; };
		122E96261E4264F600DEF5BC /* ViewController.swift */ = {isa = PBXFileReference; lastKnownFileType = sourcecode.swift; path = ViewController.swift; sourceTree = "<group>"; };
		122E96291E4264F600DEF5BC /* Base */ = {isa = PBXFileReference; lastKnownFileType = file.storyboard; name = Base; path = Base.lproj/Main.storyboard; sourceTree = "<group>"; };
		122E962B1E4264F600DEF5BC /* Assets.xcassets */ = {isa = PBXFileReference; lastKnownFileType = folder.assetcatalog; path = Assets.xcassets; sourceTree = "<group>"; };
		122E962E1E4264F600DEF5BC /* Base */ = {isa = PBXFileReference; lastKnownFileType = file.storyboard; name = Base; path = Base.lproj/LaunchScreen.storyboard; sourceTree = "<group>"; };
		122E96301E4264F600DEF5BC /* Info.plist */ = {isa = PBXFileReference; lastKnownFileType = text.plist.xml; path = Info.plist; sourceTree = "<group>"; };
		122E96351E4264F600DEF5BC /* IVAO-HKTests.xctest */ = {isa = PBXFileReference; explicitFileType = wrapper.cfbundle; includeInIndex = 0; path = "IVAO-HKTests.xctest"; sourceTree = BUILT_PRODUCTS_DIR; };
		122E96391E4264F600DEF5BC /* IVAO_HKTests.swift */ = {isa = PBXFileReference; lastKnownFileType = sourcecode.swift; path = IVAO_HKTests.swift; sourceTree = "<group>"; };
		122E963B1E4264F600DEF5BC /* Info.plist */ = {isa = PBXFileReference; lastKnownFileType = text.plist.xml; path = Info.plist; sourceTree = "<group>"; };
		122E96401E4264F600DEF5BC /* IVAO-HKUITests.xctest */ = {isa = PBXFileReference; explicitFileType = wrapper.cfbundle; includeInIndex = 0; path = "IVAO-HKUITests.xctest"; sourceTree = BUILT_PRODUCTS_DIR; };
		122E96441E4264F600DEF5BC /* IVAO_HKUITests.swift */ = {isa = PBXFileReference; lastKnownFileType = sourcecode.swift; path = IVAO_HKUITests.swift; sourceTree = "<group>"; };
		122E96461E4264F600DEF5BC /* Info.plist */ = {isa = PBXFileReference; lastKnownFileType = text.plist.xml; path = Info.plist; sourceTree = "<group>"; };
		122E96551E4269FE00DEF5BC /* LogInVC.swift */ = {isa = PBXFileReference; fileEncoding = 4; lastKnownFileType = sourcecode.swift; path = LogInVC.swift; sourceTree = "<group>"; };
		122E96581E426A5600DEF5BC /* Extensions.swift */ = {isa = PBXFileReference; fileEncoding = 4; lastKnownFileType = sourcecode.swift; path = Extensions.swift; sourceTree = "<group>"; };
		122E965A1E426A6200DEF5BC /* GlobalVariables.swift */ = {isa = PBXFileReference; fileEncoding = 4; lastKnownFileType = sourcecode.swift; path = GlobalVariables.swift; sourceTree = "<group>"; };
		122E965C1E42731E00DEF5BC /* HomeVC.swift */ = {isa = PBXFileReference; fileEncoding = 4; lastKnownFileType = sourcecode.swift; path = HomeVC.swift; sourceTree = "<group>"; };
		122E965E1E427A5800DEF5BC /* IVAOProfile.swift */ = {isa = PBXFileReference; fileEncoding = 4; lastKnownFileType = sourcecode.swift; path = IVAOProfile.swift; sourceTree = "<group>"; };
		124A894A1E47670F00C538E3 /* OnlineTraffic.swift */ = {isa = PBXFileReference; fileEncoding = 4; lastKnownFileType = sourcecode.swift; path = OnlineTraffic.swift; sourceTree = "<group>"; };
		124A894C1E4767F500C538E3 /* OnlineTrafficVC.swift */ = {isa = PBXFileReference; fileEncoding = 4; lastKnownFileType = sourcecode.swift; path = OnlineTrafficVC.swift; sourceTree = "<group>"; };
		124A89541E477D0000C538E3 /* PilotsCell.swift */ = {isa = PBXFileReference; fileEncoding = 4; lastKnownFileType = sourcecode.swift; path = PilotsCell.swift; sourceTree = "<group>"; };
		1258E91E1E465B210087E338 /* ProfileVC.swift */ = {isa = PBXFileReference; fileEncoding = 4; lastKnownFileType = sourcecode.swift; path = ProfileVC.swift; sourceTree = "<group>"; };
		2064A1B69AA533EF9FFFCF6B /* Pods-IVAO-HKUITests.debug.xcconfig */ = {isa = PBXFileReference; includeInIndex = 1; lastKnownFileType = text.xcconfig; name = "Pods-IVAO-HKUITests.debug.xcconfig"; path = "Pods/Target Support Files/Pods-IVAO-HKUITests/Pods-IVAO-HKUITests.debug.xcconfig"; sourceTree = "<group>"; };
		4AF28AAD3E02A5CB0F3D5CEF /* Pods-IVAO-HKUITests.release.xcconfig */ = {isa = PBXFileReference; includeInIndex = 1; lastKnownFileType = text.xcconfig; name = "Pods-IVAO-HKUITests.release.xcconfig"; path = "Pods/Target Support Files/Pods-IVAO-HKUITests/Pods-IVAO-HKUITests.release.xcconfig"; sourceTree = "<group>"; };
		5A76FF8908AFE061B6AD0B57 /* Pods_IVAO_HK.framework */ = {isa = PBXFileReference; explicitFileType = wrapper.framework; includeInIndex = 0; path = Pods_IVAO_HK.framework; sourceTree = BUILT_PRODUCTS_DIR; };
		6152F362E30CD2872DB78970 /* Pods_IVAO_HKTests.framework */ = {isa = PBXFileReference; explicitFileType = wrapper.framework; includeInIndex = 0; path = Pods_IVAO_HKTests.framework; sourceTree = BUILT_PRODUCTS_DIR; };
		9BAE3FCD69F0C4A8B87F657B /* Pods-IVAO-HK.release.xcconfig */ = {isa = PBXFileReference; includeInIndex = 1; lastKnownFileType = text.xcconfig; name = "Pods-IVAO-HK.release.xcconfig"; path = "Pods/Target Support Files/Pods-IVAO-HK/Pods-IVAO-HK.release.xcconfig"; sourceTree = "<group>"; };
		9BE19344C3E0BD20438ED84C /* Pods-IVAO-HKTests.release.xcconfig */ = {isa = PBXFileReference; includeInIndex = 1; lastKnownFileType = text.xcconfig; name = "Pods-IVAO-HKTests.release.xcconfig"; path = "Pods/Target Support Files/Pods-IVAO-HKTests/Pods-IVAO-HKTests.release.xcconfig"; sourceTree = "<group>"; };
		C9B611911E8734A18200FD6E /* Pods-IVAO-HKTests.debug.xcconfig */ = {isa = PBXFileReference; includeInIndex = 1; lastKnownFileType = text.xcconfig; name = "Pods-IVAO-HKTests.debug.xcconfig"; path = "Pods/Target Support Files/Pods-IVAO-HKTests/Pods-IVAO-HKTests.debug.xcconfig"; sourceTree = "<group>"; };
		EF83CBBCE12B863F9891EDA4 /* Pods-IVAO-HK.debug.xcconfig */ = {isa = PBXFileReference; includeInIndex = 1; lastKnownFileType = text.xcconfig; name = "Pods-IVAO-HK.debug.xcconfig"; path = "Pods/Target Support Files/Pods-IVAO-HK/Pods-IVAO-HK.debug.xcconfig"; sourceTree = "<group>"; };
		F006FCF23FC982227AD38800 /* Pods_IVAO_HKUITests.framework */ = {isa = PBXFileReference; explicitFileType = wrapper.framework; includeInIndex = 0; path = Pods_IVAO_HKUITests.framework; sourceTree = BUILT_PRODUCTS_DIR; };
/* End PBXFileReference section */

/* Begin PBXFrameworksBuildPhase section */
		122E961E1E4264F500DEF5BC /* Frameworks */ = {
			isa = PBXFrameworksBuildPhase;
			buildActionMask = 2147483647;
			files = (
				BC0F3642C34F62B73C2033CE /* Pods_IVAO_HK.framework in Frameworks */,
			);
			runOnlyForDeploymentPostprocessing = 0;
		};
		122E96321E4264F600DEF5BC /* Frameworks */ = {
			isa = PBXFrameworksBuildPhase;
			buildActionMask = 2147483647;
			files = (
				294D0E01F05B218D3B092D46 /* Pods_IVAO_HKTests.framework in Frameworks */,
			);
			runOnlyForDeploymentPostprocessing = 0;
		};
		122E963D1E4264F600DEF5BC /* Frameworks */ = {
			isa = PBXFrameworksBuildPhase;
			buildActionMask = 2147483647;
			files = (
				08617672491E9CFC6F0A6C40 /* Pods_IVAO_HKUITests.framework in Frameworks */,
			);
			runOnlyForDeploymentPostprocessing = 0;
		};
/* End PBXFrameworksBuildPhase section */

/* Begin PBXGroup section */
		122E96181E4264F500DEF5BC = {
			isa = PBXGroup;
			children = (
				122E96231E4264F600DEF5BC /* IVAO-HK */,
				122E96381E4264F600DEF5BC /* IVAO-HKTests */,
				122E96431E4264F600DEF5BC /* IVAO-HKUITests */,
				122E96221E4264F600DEF5BC /* Products */,
				C3088720C2D2C078435ECBB5 /* Pods */,
				34B95335E69874D5CE51178E /* Frameworks */,
			);
			sourceTree = "<group>";
		};
		122E96221E4264F600DEF5BC /* Products */ = {
			isa = PBXGroup;
			children = (
				122E96211E4264F600DEF5BC /* IVAO-HK.app */,
				122E96351E4264F600DEF5BC /* IVAO-HKTests.xctest */,
				122E96401E4264F600DEF5BC /* IVAO-HKUITests.xctest */,
			);
			name = Products;
			sourceTree = "<group>";
		};
		122E96231E4264F600DEF5BC /* IVAO-HK */ = {
			isa = PBXGroup;
			children = (
				122E96571E426A4C00DEF5BC /* Resources */,
				122E96541E4269E200DEF5BC /* Controller */,
				122E96531E4269DE00DEF5BC /* View */,
				122E96521E4269DA00DEF5BC /* Model */,
				122E96241E4264F600DEF5BC /* AppDelegate.swift */,
				122E96261E4264F600DEF5BC /* ViewController.swift */,
				122E96281E4264F600DEF5BC /* Main.storyboard */,
				122E962B1E4264F600DEF5BC /* Assets.xcassets */,
				122E962D1E4264F600DEF5BC /* LaunchScreen.storyboard */,
				122E96301E4264F600DEF5BC /* Info.plist */,
			);
			path = "IVAO-HK";
			sourceTree = "<group>";
		};
		122E96381E4264F600DEF5BC /* IVAO-HKTests */ = {
			isa = PBXGroup;
			children = (
				122E96391E4264F600DEF5BC /* IVAO_HKTests.swift */,
				122E963B1E4264F600DEF5BC /* Info.plist */,
			);
			path = "IVAO-HKTests";
			sourceTree = "<group>";
		};
		122E96431E4264F600DEF5BC /* IVAO-HKUITests */ = {
			isa = PBXGroup;
			children = (
				122E96441E4264F600DEF5BC /* IVAO_HKUITests.swift */,
				122E96461E4264F600DEF5BC /* Info.plist */,
			);
			path = "IVAO-HKUITests";
			sourceTree = "<group>";
		};
		122E96521E4269DA00DEF5BC /* Model */ = {
			isa = PBXGroup;
			children = (
				122E965E1E427A5800DEF5BC /* IVAOProfile.swift */,
				124A894A1E47670F00C538E3 /* OnlineTraffic.swift */,
			);
			name = Model;
			sourceTree = "<group>";
		};
		122E96531E4269DE00DEF5BC /* View */ = {
			isa = PBXGroup;
			children = (
			);
			name = View;
			sourceTree = "<group>";
		};
		122E96541E4269E200DEF5BC /* Controller */ = {
			isa = PBXGroup;
			children = (
				122E96551E4269FE00DEF5BC /* LogInVC.swift */,
				122E965C1E42731E00DEF5BC /* HomeVC.swift */,
				1258E91E1E465B210087E338 /* ProfileVC.swift */,
				124A894C1E4767F500C538E3 /* OnlineTrafficVC.swift */,
				124A89541E477D0000C538E3 /* PilotsCell.swift */,
			);
			name = Controller;
			sourceTree = "<group>";
		};
		122E96571E426A4C00DEF5BC /* Resources */ = {
			isa = PBXGroup;
			children = (
				122E96581E426A5600DEF5BC /* Extensions.swift */,
				122E965A1E426A6200DEF5BC /* GlobalVariables.swift */,
			);
			name = Resources;
			sourceTree = "<group>";
		};
		34B95335E69874D5CE51178E /* Frameworks */ = {
			isa = PBXGroup;
			children = (
				5A76FF8908AFE061B6AD0B57 /* Pods_IVAO_HK.framework */,
				6152F362E30CD2872DB78970 /* Pods_IVAO_HKTests.framework */,
				F006FCF23FC982227AD38800 /* Pods_IVAO_HKUITests.framework */,
			);
			name = Frameworks;
			sourceTree = "<group>";
		};
		C3088720C2D2C078435ECBB5 /* Pods */ = {
			isa = PBXGroup;
			children = (
				EF83CBBCE12B863F9891EDA4 /* Pods-IVAO-HK.debug.xcconfig */,
				9BAE3FCD69F0C4A8B87F657B /* Pods-IVAO-HK.release.xcconfig */,
				C9B611911E8734A18200FD6E /* Pods-IVAO-HKTests.debug.xcconfig */,
				9BE19344C3E0BD20438ED84C /* Pods-IVAO-HKTests.release.xcconfig */,
				2064A1B69AA533EF9FFFCF6B /* Pods-IVAO-HKUITests.debug.xcconfig */,
				4AF28AAD3E02A5CB0F3D5CEF /* Pods-IVAO-HKUITests.release.xcconfig */,
			);
			name = Pods;
			sourceTree = "<group>";
		};
/* End PBXGroup section */

/* Begin PBXNativeTarget section */
		122E96201E4264F500DEF5BC /* IVAO-HK */ = {
			isa = PBXNativeTarget;
			buildConfigurationList = 122E96491E4264F600DEF5BC /* Build configuration list for PBXNativeTarget "IVAO-HK" */;
			buildPhases = (
				5B6A279C7DC92B5761A0C76B /* [CP] Check Pods Manifest.lock */,
				122E961D1E4264F500DEF5BC /* Sources */,
				122E961E1E4264F500DEF5BC /* Frameworks */,
				122E961F1E4264F500DEF5BC /* Resources */,
				A69445EE38B5554E46758280 /* [CP] Embed Pods Frameworks */,
				2670D4BA74161C3650B54C8C /* [CP] Copy Pods Resources */,
			);
			buildRules = (
			);
			dependencies = (
			);
			name = "IVAO-HK";
			productName = "IVAO-HK";
			productReference = 122E96211E4264F600DEF5BC /* IVAO-HK.app */;
			productType = "com.apple.product-type.application";
		};
		122E96341E4264F600DEF5BC /* IVAO-HKTests */ = {
			isa = PBXNativeTarget;
			buildConfigurationList = 122E964C1E4264F600DEF5BC /* Build configuration list for PBXNativeTarget "IVAO-HKTests" */;
			buildPhases = (
				6CBE9C7C3B12934043329F8A /* [CP] Check Pods Manifest.lock */,
				122E96311E4264F600DEF5BC /* Sources */,
				122E96321E4264F600DEF5BC /* Frameworks */,
				122E96331E4264F600DEF5BC /* Resources */,
				1135399917ED0CF6BBDBF0C7 /* [CP] Embed Pods Frameworks */,
				75734D107820C0AF398F3BDD /* [CP] Copy Pods Resources */,
			);
			buildRules = (
			);
			dependencies = (
				122E96371E4264F600DEF5BC /* PBXTargetDependency */,
			);
			name = "IVAO-HKTests";
			productName = "IVAO-HKTests";
			productReference = 122E96351E4264F600DEF5BC /* IVAO-HKTests.xctest */;
			productType = "com.apple.product-type.bundle.unit-test";
		};
		122E963F1E4264F600DEF5BC /* IVAO-HKUITests */ = {
			isa = PBXNativeTarget;
			buildConfigurationList = 122E964F1E4264F600DEF5BC /* Build configuration list for PBXNativeTarget "IVAO-HKUITests" */;
			buildPhases = (
				28AA7F13F4F93BAE7C6EC980 /* [CP] Check Pods Manifest.lock */,
				122E963C1E4264F600DEF5BC /* Sources */,
				122E963D1E4264F600DEF5BC /* Frameworks */,
				122E963E1E4264F600DEF5BC /* Resources */,
				C57A49E8216FAEB1361A26F7 /* [CP] Embed Pods Frameworks */,
				805794C04B484610801840A3 /* [CP] Copy Pods Resources */,
			);
			buildRules = (
			);
			dependencies = (
				122E96421E4264F600DEF5BC /* PBXTargetDependency */,
			);
			name = "IVAO-HKUITests";
			productName = "IVAO-HKUITests";
			productReference = 122E96401E4264F600DEF5BC /* IVAO-HKUITests.xctest */;
			productType = "com.apple.product-type.bundle.ui-testing";
		};
/* End PBXNativeTarget section */

/* Begin PBXProject section */
		122E96191E4264F500DEF5BC /* Project object */ = {
			isa = PBXProject;
			attributes = {
				LastSwiftUpdateCheck = 0820;
				LastUpgradeCheck = 0820;
				ORGANIZATIONNAME = "Cristian Tabuyo";
				TargetAttributes = {
					122E96201E4264F500DEF5BC = {
						CreatedOnToolsVersion = 8.2.1;
						DevelopmentTeam = SM4K2K6ATE;
						ProvisioningStyle = Automatic;
					};
					122E96341E4264F600DEF5BC = {
						CreatedOnToolsVersion = 8.2.1;
						DevelopmentTeam = SM4K2K6ATE;
						ProvisioningStyle = Automatic;
						TestTargetID = 122E96201E4264F500DEF5BC;
					};
					122E963F1E4264F600DEF5BC = {
						CreatedOnToolsVersion = 8.2.1;
						DevelopmentTeam = SM4K2K6ATE;
						ProvisioningStyle = Automatic;
						TestTargetID = 122E96201E4264F500DEF5BC;
					};
				};
			};
			buildConfigurationList = 122E961C1E4264F500DEF5BC /* Build configuration list for PBXProject "IVAO-HK" */;
			compatibilityVersion = "Xcode 3.2";
			developmentRegion = English;
			hasScannedForEncodings = 0;
			knownRegions = (
				en,
				Base,
			);
			mainGroup = 122E96181E4264F500DEF5BC;
			productRefGroup = 122E96221E4264F600DEF5BC /* Products */;
			projectDirPath = "";
			projectRoot = "";
			targets = (
				122E96201E4264F500DEF5BC /* IVAO-HK */,
				122E96341E4264F600DEF5BC /* IVAO-HKTests */,
				122E963F1E4264F600DEF5BC /* IVAO-HKUITests */,
			);
		};
/* End PBXProject section */

/* Begin PBXResourcesBuildPhase section */
		122E961F1E4264F500DEF5BC /* Resources */ = {
			isa = PBXResourcesBuildPhase;
			buildActionMask = 2147483647;
			files = (
				122E962F1E4264F600DEF5BC /* LaunchScreen.storyboard in Resources */,
				122E962C1E4264F600DEF5BC /* Assets.xcassets in Resources */,
				122E962A1E4264F600DEF5BC /* Main.storyboard in Resources */,
			);
			runOnlyForDeploymentPostprocessing = 0;
		};
		122E96331E4264F600DEF5BC /* Resources */ = {
			isa = PBXResourcesBuildPhase;
			buildActionMask = 2147483647;
			files = (
			);
			runOnlyForDeploymentPostprocessing = 0;
		};
		122E963E1E4264F600DEF5BC /* Resources */ = {
			isa = PBXResourcesBuildPhase;
			buildActionMask = 2147483647;
			files = (
			);
			runOnlyForDeploymentPostprocessing = 0;
		};
/* End PBXResourcesBuildPhase section */

/* Begin PBXShellScriptBuildPhase section */
		1135399917ED0CF6BBDBF0C7 /* [CP] Embed Pods Frameworks */ = {
			isa = PBXShellScriptBuildPhase;
			buildActionMask = 2147483647;
			files = (
			);
			inputPaths = (
			);
			name = "[CP] Embed Pods Frameworks";
			outputPaths = (
			);
			runOnlyForDeploymentPostprocessing = 0;
			shellPath = /bin/sh;
			shellScript = "\"${SRCROOT}/Pods/Target Support Files/Pods-IVAO-HKTests/Pods-IVAO-HKTests-frameworks.sh\"\n";
			showEnvVarsInLog = 0;
		};
		2670D4BA74161C3650B54C8C /* [CP] Copy Pods Resources */ = {
			isa = PBXShellScriptBuildPhase;
			buildActionMask = 2147483647;
			files = (
			);
			inputPaths = (
			);
			name = "[CP] Copy Pods Resources";
			outputPaths = (
			);
			runOnlyForDeploymentPostprocessing = 0;
			shellPath = /bin/sh;
			shellScript = "\"${SRCROOT}/Pods/Target Support Files/Pods-IVAO-HK/Pods-IVAO-HK-resources.sh\"\n";
			showEnvVarsInLog = 0;
		};
		28AA7F13F4F93BAE7C6EC980 /* [CP] Check Pods Manifest.lock */ = {
			isa = PBXShellScriptBuildPhase;
			buildActionMask = 2147483647;
			files = (
			);
			inputPaths = (
			);
			name = "[CP] Check Pods Manifest.lock";
			outputPaths = (
			);
			runOnlyForDeploymentPostprocessing = 0;
			shellPath = /bin/sh;
			shellScript = "diff \"${PODS_ROOT}/../Podfile.lock\" \"${PODS_ROOT}/Manifest.lock\" > /dev/null\nif [ $? != 0 ] ; then\n    # print error to STDERR\n    echo \"error: The sandbox is not in sync with the Podfile.lock. Run 'pod install' or update your CocoaPods installation.\" >&2\n    exit 1\nfi\n";
			showEnvVarsInLog = 0;
		};
		5B6A279C7DC92B5761A0C76B /* [CP] Check Pods Manifest.lock */ = {
			isa = PBXShellScriptBuildPhase;
			buildActionMask = 2147483647;
			files = (
			);
			inputPaths = (
			);
			name = "[CP] Check Pods Manifest.lock";
			outputPaths = (
			);
			runOnlyForDeploymentPostprocessing = 0;
			shellPath = /bin/sh;
			shellScript = "diff \"${PODS_ROOT}/../Podfile.lock\" \"${PODS_ROOT}/Manifest.lock\" > /dev/null\nif [ $? != 0 ] ; then\n    # print error to STDERR\n    echo \"error: The sandbox is not in sync with the Podfile.lock. Run 'pod install' or update your CocoaPods installation.\" >&2\n    exit 1\nfi\n";
			showEnvVarsInLog = 0;
		};
		6CBE9C7C3B12934043329F8A /* [CP] Check Pods Manifest.lock */ = {
			isa = PBXShellScriptBuildPhase;
			buildActionMask = 2147483647;
			files = (
			);
			inputPaths = (
			);
			name = "[CP] Check Pods Manifest.lock";
			outputPaths = (
			);
			runOnlyForDeploymentPostprocessing = 0;
			shellPath = /bin/sh;
			shellScript = "diff \"${PODS_ROOT}/../Podfile.lock\" \"${PODS_ROOT}/Manifest.lock\" > /dev/null\nif [ $? != 0 ] ; then\n    # print error to STDERR\n    echo \"error: The sandbox is not in sync with the Podfile.lock. Run 'pod install' or update your CocoaPods installation.\" >&2\n    exit 1\nfi\n";
			showEnvVarsInLog = 0;
		};
		75734D107820C0AF398F3BDD /* [CP] Copy Pods Resources */ = {
			isa = PBXShellScriptBuildPhase;
			buildActionMask = 2147483647;
			files = (
			);
			inputPaths = (
			);
			name = "[CP] Copy Pods Resources";
			outputPaths = (
			);
			runOnlyForDeploymentPostprocessing = 0;
			shellPath = /bin/sh;
			shellScript = "\"${SRCROOT}/Pods/Target Support Files/Pods-IVAO-HKTests/Pods-IVAO-HKTests-resources.sh\"\n";
			showEnvVarsInLog = 0;
		};
		805794C04B484610801840A3 /* [CP] Copy Pods Resources */ = {
			isa = PBXShellScriptBuildPhase;
			buildActionMask = 2147483647;
			files = (
			);
			inputPaths = (
			);
			name = "[CP] Copy Pods Resources";
			outputPaths = (
			);
			runOnlyForDeploymentPostprocessing = 0;
			shellPath = /bin/sh;
			shellScript = "\"${SRCROOT}/Pods/Target Support Files/Pods-IVAO-HKUITests/Pods-IVAO-HKUITests-resources.sh\"\n";
			showEnvVarsInLog = 0;
		};
		A69445EE38B5554E46758280 /* [CP] Embed Pods Frameworks */ = {
			isa = PBXShellScriptBuildPhase;
			buildActionMask = 2147483647;
			files = (
			);
			inputPaths = (
			);
			name = "[CP] Embed Pods Frameworks";
			outputPaths = (
			);
			runOnlyForDeploymentPostprocessing = 0;
			shellPath = /bin/sh;
			shellScript = "\"${SRCROOT}/Pods/Target Support Files/Pods-IVAO-HK/Pods-IVAO-HK-frameworks.sh\"\n";
			showEnvVarsInLog = 0;
		};
		C57A49E8216FAEB1361A26F7 /* [CP] Embed Pods Frameworks */ = {
			isa = PBXShellScriptBuildPhase;
			buildActionMask = 2147483647;
			files = (
			);
			inputPaths = (
			);
			name = "[CP] Embed Pods Frameworks";
			outputPaths = (
			);
			runOnlyForDeploymentPostprocessing = 0;
			shellPath = /bin/sh;
			shellScript = "\"${SRCROOT}/Pods/Target Support Files/Pods-IVAO-HKUITests/Pods-IVAO-HKUITests-frameworks.sh\"\n";
			showEnvVarsInLog = 0;
		};
/* End PBXShellScriptBuildPhase section */

/* Begin PBXSourcesBuildPhase section */
		122E961D1E4264F500DEF5BC /* Sources */ = {
			isa = PBXSourcesBuildPhase;
			buildActionMask = 2147483647;
			files = (
				122E96271E4264F600DEF5BC /* ViewController.swift in Sources */,
				124A894D1E4767F500C538E3 /* OnlineTrafficVC.swift in Sources */,
				122E96251E4264F600DEF5BC /* AppDelegate.swift in Sources */,
				122E96561E4269FE00DEF5BC /* LogInVC.swift in Sources */,
				124A894B1E47670F00C538E3 /* OnlineTraffic.swift in Sources */,
				122E965D1E42731E00DEF5BC /* HomeVC.swift in Sources */,
				1258E91F1E465B210087E338 /* ProfileVC.swift in Sources */,
				122E965F1E427A5800DEF5BC /* IVAOProfile.swift in Sources */,
				122E96591E426A5600DEF5BC /* Extensions.swift in Sources */,
				124A89551E477D0000C538E3 /* PilotsCell.swift in Sources */,
				122E965B1E426A6200DEF5BC /* GlobalVariables.swift in Sources */,
			);
			runOnlyForDeploymentPostprocessing = 0;
		};
		122E96311E4264F600DEF5BC /* Sources */ = {
			isa = PBXSourcesBuildPhase;
			buildActionMask = 2147483647;
			files = (
				122E963A1E4264F600DEF5BC /* IVAO_HKTests.swift in Sources */,
			);
			runOnlyForDeploymentPostprocessing = 0;
		};
		122E963C1E4264F600DEF5BC /* Sources */ = {
			isa = PBXSourcesBuildPhase;
			buildActionMask = 2147483647;
			files = (
				122E96451E4264F600DEF5BC /* IVAO_HKUITests.swift in Sources */,
			);
			runOnlyForDeploymentPostprocessing = 0;
		};
/* End PBXSourcesBuildPhase section */

/* Begin PBXTargetDependency section */
		122E96371E4264F600DEF5BC /* PBXTargetDependency */ = {
			isa = PBXTargetDependency;
			target = 122E96201E4264F500DEF5BC /* IVAO-HK */;
			targetProxy = 122E96361E4264F600DEF5BC /* PBXContainerItemProxy */;
		};
		122E96421E4264F600DEF5BC /* PBXTargetDependency */ = {
			isa = PBXTargetDependency;
			target = 122E96201E4264F500DEF5BC /* IVAO-HK */;
			targetProxy = 122E96411E4264F600DEF5BC /* PBXContainerItemProxy */;
		};
/* End PBXTargetDependency section */

/* Begin PBXVariantGroup section */
		122E96281E4264F600DEF5BC /* Main.storyboard */ = {
			isa = PBXVariantGroup;
			children = (
				122E96291E4264F600DEF5BC /* Base */,
			);
			name = Main.storyboard;
			sourceTree = "<group>";
		};
		122E962D1E4264F600DEF5BC /* LaunchScreen.storyboard */ = {
			isa = PBXVariantGroup;
			children = (
				122E962E1E4264F600DEF5BC /* Base */,
			);
			name = LaunchScreen.storyboard;
			sourceTree = "<group>";
		};
/* End PBXVariantGroup section */

/* Begin XCBuildConfiguration section */
		122E96471E4264F600DEF5BC /* Debug */ = {
			isa = XCBuildConfiguration;
			buildSettings = {
				ALWAYS_SEARCH_USER_PATHS = NO;
				CLANG_ANALYZER_NONNULL = YES;
				CLANG_CXX_LANGUAGE_STANDARD = "gnu++0x";
				CLANG_CXX_LIBRARY = "libc++";
				CLANG_ENABLE_MODULES = YES;
				CLANG_ENABLE_OBJC_ARC = YES;
				CLANG_WARN_BOOL_CONVERSION = YES;
				CLANG_WARN_CONSTANT_CONVERSION = YES;
				CLANG_WARN_DIRECT_OBJC_ISA_USAGE = YES_ERROR;
				CLANG_WARN_DOCUMENTATION_COMMENTS = YES;
				CLANG_WARN_EMPTY_BODY = YES;
				CLANG_WARN_ENUM_CONVERSION = YES;
				CLANG_WARN_INFINITE_RECURSION = YES;
				CLANG_WARN_INT_CONVERSION = YES;
				CLANG_WARN_OBJC_ROOT_CLASS = YES_ERROR;
				CLANG_WARN_SUSPICIOUS_MOVE = YES;
				CLANG_WARN_UNREACHABLE_CODE = YES;
				CLANG_WARN__DUPLICATE_METHOD_MATCH = YES;
				"CODE_SIGN_IDENTITY[sdk=iphoneos*]" = "iPhone Developer";
				COPY_PHASE_STRIP = NO;
				DEBUG_INFORMATION_FORMAT = dwarf;
				ENABLE_STRICT_OBJC_MSGSEND = YES;
				ENABLE_TESTABILITY = YES;
				GCC_C_LANGUAGE_STANDARD = gnu99;
				GCC_DYNAMIC_NO_PIC = NO;
				GCC_NO_COMMON_BLOCKS = YES;
				GCC_OPTIMIZATION_LEVEL = 0;
				GCC_PREPROCESSOR_DEFINITIONS = (
					"DEBUG=1",
					"$(inherited)",
				);
				GCC_WARN_64_TO_32_BIT_CONVERSION = YES;
				GCC_WARN_ABOUT_RETURN_TYPE = YES_ERROR;
				GCC_WARN_UNDECLARED_SELECTOR = YES;
				GCC_WARN_UNINITIALIZED_AUTOS = YES_AGGRESSIVE;
				GCC_WARN_UNUSED_FUNCTION = YES;
				GCC_WARN_UNUSED_VARIABLE = YES;
				IPHONEOS_DEPLOYMENT_TARGET = 10.2;
				MTL_ENABLE_DEBUG_INFO = YES;
				ONLY_ACTIVE_ARCH = YES;
				SDKROOT = iphoneos;
				SWIFT_ACTIVE_COMPILATION_CONDITIONS = DEBUG;
				SWIFT_OPTIMIZATION_LEVEL = "-Onone";
				TARGETED_DEVICE_FAMILY = "1,2";
			};
			name = Debug;
		};
		122E96481E4264F600DEF5BC /* Release */ = {
			isa = XCBuildConfiguration;
			buildSettings = {
				ALWAYS_SEARCH_USER_PATHS = NO;
				CLANG_ANALYZER_NONNULL = YES;
				CLANG_CXX_LANGUAGE_STANDARD = "gnu++0x";
				CLANG_CXX_LIBRARY = "libc++";
				CLANG_ENABLE_MODULES = YES;
				CLANG_ENABLE_OBJC_ARC = YES;
				CLANG_WARN_BOOL_CONVERSION = YES;
				CLANG_WARN_CONSTANT_CONVERSION = YES;
				CLANG_WARN_DIRECT_OBJC_ISA_USAGE = YES_ERROR;
				CLANG_WARN_DOCUMENTATION_COMMENTS = YES;
				CLANG_WARN_EMPTY_BODY = YES;
				CLANG_WARN_ENUM_CONVERSION = YES;
				CLANG_WARN_INFINITE_RECURSION = YES;
				CLANG_WARN_INT_CONVERSION = YES;
				CLANG_WARN_OBJC_ROOT_CLASS = YES_ERROR;
				CLANG_WARN_SUSPICIOUS_MOVE = YES;
				CLANG_WARN_UNREACHABLE_CODE = YES;
				CLANG_WARN__DUPLICATE_METHOD_MATCH = YES;
				"CODE_SIGN_IDENTITY[sdk=iphoneos*]" = "iPhone Developer";
				COPY_PHASE_STRIP = NO;
				DEBUG_INFORMATION_FORMAT = "dwarf-with-dsym";
				ENABLE_NS_ASSERTIONS = NO;
				ENABLE_STRICT_OBJC_MSGSEND = YES;
				GCC_C_LANGUAGE_STANDARD = gnu99;
				GCC_NO_COMMON_BLOCKS = YES;
				GCC_WARN_64_TO_32_BIT_CONVERSION = YES;
				GCC_WARN_ABOUT_RETURN_TYPE = YES_ERROR;
				GCC_WARN_UNDECLARED_SELECTOR = YES;
				GCC_WARN_UNINITIALIZED_AUTOS = YES_AGGRESSIVE;
				GCC_WARN_UNUSED_FUNCTION = YES;
				GCC_WARN_UNUSED_VARIABLE = YES;
				IPHONEOS_DEPLOYMENT_TARGET = 10.2;
				MTL_ENABLE_DEBUG_INFO = NO;
				SDKROOT = iphoneos;
				SWIFT_OPTIMIZATION_LEVEL = "-Owholemodule";
				TARGETED_DEVICE_FAMILY = "1,2";
				VALIDATE_PRODUCT = YES;
			};
			name = Release;
		};
		122E964A1E4264F600DEF5BC /* Debug */ = {
			isa = XCBuildConfiguration;
			baseConfigurationReference = EF83CBBCE12B863F9891EDA4 /* Pods-IVAO-HK.debug.xcconfig */;
			buildSettings = {
				ASSETCATALOG_COMPILER_APPICON_NAME = AppIcon;
				DEVELOPMENT_TEAM = SM4K2K6ATE;
				INFOPLIST_FILE = "IVAO-HK/Info.plist";
				LD_RUNPATH_SEARCH_PATHS = "$(inherited) @executable_path/Frameworks";
				PRODUCT_BUNDLE_IDENTIFIER = "HK.IVAO-Hong-Kong";
				PRODUCT_NAME = "$(TARGET_NAME)";
				SWIFT_VERSION = 3.0;
			};
			name = Debug;
		};
		122E964B1E4264F600DEF5BC /* Release */ = {
			isa = XCBuildConfiguration;
			baseConfigurationReference = 9BAE3FCD69F0C4A8B87F657B /* Pods-IVAO-HK.release.xcconfig */;
			buildSettings = {
				ASSETCATALOG_COMPILER_APPICON_NAME = AppIcon;
				DEVELOPMENT_TEAM = SM4K2K6ATE;
				INFOPLIST_FILE = "IVAO-HK/Info.plist";
				LD_RUNPATH_SEARCH_PATHS = "$(inherited) @executable_path/Frameworks";
				PRODUCT_BUNDLE_IDENTIFIER = "HK.IVAO-Hong-Kong";
				PRODUCT_NAME = "$(TARGET_NAME)";
				SWIFT_VERSION = 3.0;
			};
			name = Release;
		};
		122E964D1E4264F600DEF5BC /* Debug */ = {
			isa = XCBuildConfiguration;
			baseConfigurationReference = C9B611911E8734A18200FD6E /* Pods-IVAO-HKTests.debug.xcconfig */;
			buildSettings = {
				ALWAYS_EMBED_SWIFT_STANDARD_LIBRARIES = YES;
				BUNDLE_LOADER = "$(TEST_HOST)";
				DEVELOPMENT_TEAM = SM4K2K6ATE;
				INFOPLIST_FILE = "IVAO-HKTests/Info.plist";
				LD_RUNPATH_SEARCH_PATHS = "$(inherited) @executable_path/Frameworks @loader_path/Frameworks";
				PRODUCT_BUNDLE_IDENTIFIER = "HK.IVAO-HKTests";
				PRODUCT_NAME = "$(TARGET_NAME)";
				SWIFT_VERSION = 3.0;
				TEST_HOST = "$(BUILT_PRODUCTS_DIR)/IVAO-HK.app/IVAO-HK";
			};
			name = Debug;
		};
		122E964E1E4264F600DEF5BC /* Release */ = {
			isa = XCBuildConfiguration;
			baseConfigurationReference = 9BE19344C3E0BD20438ED84C /* Pods-IVAO-HKTests.release.xcconfig */;
			buildSettings = {
				ALWAYS_EMBED_SWIFT_STANDARD_LIBRARIES = YES;
				BUNDLE_LOADER = "$(TEST_HOST)";
				DEVELOPMENT_TEAM = SM4K2K6ATE;
				INFOPLIST_FILE = "IVAO-HKTests/Info.plist";
				LD_RUNPATH_SEARCH_PATHS = "$(inherited) @executable_path/Frameworks @loader_path/Frameworks";
				PRODUCT_BUNDLE_IDENTIFIER = "HK.IVAO-HKTests";
				PRODUCT_NAME = "$(TARGET_NAME)";
				SWIFT_VERSION = 3.0;
				TEST_HOST = "$(BUILT_PRODUCTS_DIR)/IVAO-HK.app/IVAO-HK";
			};
			name = Release;
		};
		122E96501E4264F600DEF5BC /* Debug */ = {
			isa = XCBuildConfiguration;
			baseConfigurationReference = 2064A1B69AA533EF9FFFCF6B /* Pods-IVAO-HKUITests.debug.xcconfig */;
			buildSettings = {
				ALWAYS_EMBED_SWIFT_STANDARD_LIBRARIES = YES;
				DEVELOPMENT_TEAM = SM4K2K6ATE;
				INFOPLIST_FILE = "IVAO-HKUITests/Info.plist";
				LD_RUNPATH_SEARCH_PATHS = "$(inherited) @executable_path/Frameworks @loader_path/Frameworks";
				PRODUCT_BUNDLE_IDENTIFIER = "HK.IVAO-HKUITests";
				PRODUCT_NAME = "$(TARGET_NAME)";
				SWIFT_VERSION = 3.0;
				TEST_TARGET_NAME = "IVAO-HK";
			};
			name = Debug;
		};
		122E96511E4264F600DEF5BC /* Release */ = {
			isa = XCBuildConfiguration;
			baseConfigurationReference = 4AF28AAD3E02A5CB0F3D5CEF /* Pods-IVAO-HKUITests.release.xcconfig */;
			buildSettings = {
				ALWAYS_EMBED_SWIFT_STANDARD_LIBRARIES = YES;
				DEVELOPMENT_TEAM = SM4K2K6ATE;
				INFOPLIST_FILE = "IVAO-HKUITests/Info.plist";
				LD_RUNPATH_SEARCH_PATHS = "$(inherited) @executable_path/Frameworks @loader_path/Frameworks";
				PRODUCT_BUNDLE_IDENTIFIER = "HK.IVAO-HKUITests";
				PRODUCT_NAME = "$(TARGET_NAME)";
				SWIFT_VERSION = 3.0;
				TEST_TARGET_NAME = "IVAO-HK";
			};
			name = Release;
		};
/* End XCBuildConfiguration section */

/* Begin XCConfigurationList section */
		122E961C1E4264F500DEF5BC /* Build configuration list for PBXProject "IVAO-HK" */ = {
			isa = XCConfigurationList;
			buildConfigurations = (
				122E96471E4264F600DEF5BC /* Debug */,
				122E96481E4264F600DEF5BC /* Release */,
			);
			defaultConfigurationIsVisible = 0;
			defaultConfigurationName = Release;
		};
		122E96491E4264F600DEF5BC /* Build configuration list for PBXNativeTarget "IVAO-HK" */ = {
			isa = XCConfigurationList;
			buildConfigurations = (
				122E964A1E4264F600DEF5BC /* Debug */,
				122E964B1E4264F600DEF5BC /* Release */,
			);
			defaultConfigurationIsVisible = 0;
			defaultConfigurationName = Release;
		};
		122E964C1E4264F600DEF5BC /* Build configuration list for PBXNativeTarget "IVAO-HKTests" */ = {
			isa = XCConfigurationList;
			buildConfigurations = (
				122E964D1E4264F600DEF5BC /* Debug */,
				122E964E1E4264F600DEF5BC /* Release */,
			);
			defaultConfigurationIsVisible = 0;
			defaultConfigurationName = Release;
		};
		122E964F1E4264F600DEF5BC /* Build configuration list for PBXNativeTarget "IVAO-HKUITests" */ = {
			isa = XCConfigurationList;
			buildConfigurations = (
				122E96501E4264F600DEF5BC /* Debug */,
				122E96511E4264F600DEF5BC /* Release */,
			);
			defaultConfigurationIsVisible = 0;
			defaultConfigurationName = Release;
		};
/* End XCConfigurationList section */
	};
	rootObject = 122E96191E4264F500DEF5BC /* Project object */;
}
